
Microsoft Visual Studio Solution File, Format Version 12.00
# Visual Studio Version 17
VisualStudioVersion = 17.8.34330.188
MinimumVisualStudioVersion = 10.0.40219.1
Project("{9A19103F-16F7-4668-BE54-9A1E7A4F7556}") = "Coree.NETASP", "Projects\Coree.NETASP\Coree.NETASP.csproj", "{D181179B-B5FD-487F-B118-C7F3B06ED658}"
EndProject
Global
	GlobalSection(SolutionConfigurationPlatforms) = preSolution
		Debug|Any CPU = Debug|Any CPU
		Release|Any CPU = Release|Any CPU
	EndGlobalSection
	GlobalSection(ProjectConfigurationPlatforms) = postSolution
		{D181179B-B5FD-487F-B118-C7F3B06ED658}.Debug|Any CPU.ActiveCfg = Debug|Any CPU
		{D181179B-B5FD-487F-B118-C7F3B06ED658}.Debug|Any CPU.Build.0 = Debug|Any CPU
		{D181179B-B5FD-487F-B118-C7F3B06ED658}.Release|Any CPU.ActiveCfg = Release|Any CPU
		{D181179B-B5FD-487F-B118-C7F3B06ED658}.Release|Any CPU.Build.0 = Release|Any CPU
	EndGlobalSection
	GlobalSection(SolutionProperties) = preSolution
		HideSolutionNode = FALSE
	EndGlobalSection
	GlobalSection(ExtensibilityGlobals) = postSolution
		SolutionGuid = {E1E4C844-A757-480B-AD17-CF672443DABC}
	EndGlobalSection
EndGlobal
