
Microsoft Visual Studio Solution File, Format Version 12.00
# Visual Studio Version 17
VisualStudioVersion = 17.8.34330.188
MinimumVisualStudioVersion = 10.0.40219.1
Project("{9A19103F-16F7-4668-BE54-9A1E7A4F7556}") = "Coree.ASP.NETCore", "Projects\Coree.ASP.NETCore\Coree.ASP.NETCore.csproj", "{1C90DB0A-3076-4089-AD46-C2DE94F4FE17}"
EndProject
Global
	GlobalSection(SolutionConfigurationPlatforms) = preSolution
		Debug|Any CPU = Debug|Any CPU
		Release|Any CPU = Release|Any CPU
	EndGlobalSection
	GlobalSection(ProjectConfigurationPlatforms) = postSolution
		{1C90DB0A-3076-4089-AD46-C2DE94F4FE17}.Debug|Any CPU.ActiveCfg = Debug|Any CPU
		{1C90DB0A-3076-4089-AD46-C2DE94F4FE17}.Debug|Any CPU.Build.0 = Debug|Any CPU
		{1C90DB0A-3076-4089-AD46-C2DE94F4FE17}.Release|Any CPU.ActiveCfg = Release|Any CPU
		{1C90DB0A-3076-4089-AD46-C2DE94F4FE17}.Release|Any CPU.Build.0 = Release|Any CPU
	EndGlobalSection
	GlobalSection(SolutionProperties) = preSolution
		HideSolutionNode = FALSE
	EndGlobalSection
	GlobalSection(ExtensibilityGlobals) = postSolution
		SolutionGuid = {E1E4C844-A757-480B-AD17-CF672443DABC}
	EndGlobalSection
EndGlobal
